
Microsoft Visual Studio Solution File, Format Version 12.00
# Visual Studio 14
VisualStudioVersion = 14.0.24720.0
MinimumVisualStudioVersion = 10.0.40219.1
Project("{FAE04EC0-301F-11D3-BF4B-00C04F79EFBC}") = "WingsAW.Droid", "WingsAW\WingsAW.Droid\WingsAW.Droid.csproj", "{9D2BE6F1-B35C-43F6-A4A6-2135898E5506}"
EndProject
Project("{FAE04EC0-301F-11D3-BF4B-00C04F79EFBC}") = "WingsAW.iOS", "WingsAW\WingsAW.iOS\WingsAW.iOS.csproj", "{76A82949-6FBE-42E4-9767-21FA554B7187}"
EndProject
Project("{FAE04EC0-301F-11D3-BF4B-00C04F79EFBC}") = "WingsAW.WinPhone", "WingsAW\WingsAW.WinPhone\WingsAW.WinPhone.csproj", "{26FFC4BF-8A30-4691-A4D1-93187C29FE0D}"
EndProject
Project("{FAE04EC0-301F-11D3-BF4B-00C04F79EFBC}") = "WingsAW", "WingsAW\WingsAW\WingsAW.csproj", "{E287C94A-82AF-4432-9EA2-E001C65AC6E7}"
EndProject
Global
	GlobalSection(SolutionConfigurationPlatforms) = preSolution
		Ad-Hoc|Any CPU = Ad-Hoc|Any CPU
		Ad-Hoc|ARM = Ad-Hoc|ARM
		Ad-Hoc|iPhone = Ad-Hoc|iPhone
		Ad-Hoc|iPhoneSimulator = Ad-Hoc|iPhoneSimulator
		Ad-Hoc|x86 = Ad-Hoc|x86
		AppStore|Any CPU = AppStore|Any CPU
		AppStore|ARM = AppStore|ARM
		AppStore|iPhone = AppStore|iPhone
		AppStore|iPhoneSimulator = AppStore|iPhoneSimulator
		AppStore|x86 = AppStore|x86
		Debug|Any CPU = Debug|Any CPU
		Debug|ARM = Debug|ARM
		Debug|iPhone = Debug|iPhone
		Debug|iPhoneSimulator = Debug|iPhoneSimulator
		Debug|x86 = Debug|x86
		Release|Any CPU = Release|Any CPU
		Release|ARM = Release|ARM
		Release|iPhone = Release|iPhone
		Release|iPhoneSimulator = Release|iPhoneSimulator
		Release|x86 = Release|x86
	EndGlobalSection
	GlobalSection(ProjectConfigurationPlatforms) = postSolution
		{9D2BE6F1-B35C-43F6-A4A6-2135898E5506}.Ad-Hoc|Any CPU.ActiveCfg = Release|Any CPU
		{9D2BE6F1-B35C-43F6-A4A6-2135898E5506}.Ad-Hoc|Any CPU.Build.0 = Release|Any CPU
		{9D2BE6F1-B35C-43F6-A4A6-2135898E5506}.Ad-Hoc|Any CPU.Deploy.0 = Release|Any CPU
		{9D2BE6F1-B35C-43F6-A4A6-2135898E5506}.Ad-Hoc|ARM.ActiveCfg = Release|Any CPU
		{9D2BE6F1-B35C-43F6-A4A6-2135898E5506}.Ad-Hoc|ARM.Build.0 = Release|Any CPU
		{9D2BE6F1-B35C-43F6-A4A6-2135898E5506}.Ad-Hoc|ARM.Deploy.0 = Release|Any CPU
		{9D2BE6F1-B35C-43F6-A4A6-2135898E5506}.Ad-Hoc|iPhone.ActiveCfg = Release|Any CPU
		{9D2BE6F1-B35C-43F6-A4A6-2135898E5506}.Ad-Hoc|iPhone.Build.0 = Release|Any CPU
		{9D2BE6F1-B35C-43F6-A4A6-2135898E5506}.Ad-Hoc|iPhone.Deploy.0 = Release|Any CPU
		{9D2BE6F1-B35C-43F6-A4A6-2135898E5506}.Ad-Hoc|iPhoneSimulator.ActiveCfg = Release|Any CPU
		{9D2BE6F1-B35C-43F6-A4A6-2135898E5506}.Ad-Hoc|iPhoneSimulator.Build.0 = Release|Any CPU
		{9D2BE6F1-B35C-43F6-A4A6-2135898E5506}.Ad-Hoc|iPhoneSimulator.Deploy.0 = Release|Any CPU
		{9D2BE6F1-B35C-43F6-A4A6-2135898E5506}.Ad-Hoc|x86.ActiveCfg = Release|Any CPU
		{9D2BE6F1-B35C-43F6-A4A6-2135898E5506}.Ad-Hoc|x86.Build.0 = Release|Any CPU
		{9D2BE6F1-B35C-43F6-A4A6-2135898E5506}.Ad-Hoc|x86.Deploy.0 = Release|Any CPU
		{9D2BE6F1-B35C-43F6-A4A6-2135898E5506}.AppStore|Any CPU.ActiveCfg = Release|Any CPU
		{9D2BE6F1-B35C-43F6-A4A6-2135898E5506}.AppStore|Any CPU.Build.0 = Release|Any CPU
		{9D2BE6F1-B35C-43F6-A4A6-2135898E5506}.AppStore|Any CPU.Deploy.0 = Release|Any CPU
		{9D2BE6F1-B35C-43F6-A4A6-2135898E5506}.AppStore|ARM.ActiveCfg = Release|Any CPU
		{9D2BE6F1-B35C-43F6-A4A6-2135898E5506}.AppStore|ARM.Build.0 = Release|Any CPU
		{9D2BE6F1-B35C-43F6-A4A6-2135898E5506}.AppStore|ARM.Deploy.0 = Release|Any CPU
		{9D2BE6F1-B35C-43F6-A4A6-2135898E5506}.AppStore|iPhone.ActiveCfg = Release|Any CPU
		{9D2BE6F1-B35C-43F6-A4A6-2135898E5506}.AppStore|iPhone.Build.0 = Release|Any CPU
		{9D2BE6F1-B35C-43F6-A4A6-2135898E5506}.AppStore|iPhone.Deploy.0 = Release|Any CPU
		{9D2BE6F1-B35C-43F6-A4A6-2135898E5506}.AppStore|iPhoneSimulator.ActiveCfg = Release|Any CPU
		{9D2BE6F1-B35C-43F6-A4A6-2135898E5506}.AppStore|iPhoneSimulator.Build.0 = Release|Any CPU
		{9D2BE6F1-B35C-43F6-A4A6-2135898E5506}.AppStore|iPhoneSimulator.Deploy.0 = Release|Any CPU
		{9D2BE6F1-B35C-43F6-A4A6-2135898E5506}.AppStore|x86.ActiveCfg = Release|Any CPU
		{9D2BE6F1-B35C-43F6-A4A6-2135898E5506}.AppStore|x86.Build.0 = Release|Any CPU
		{9D2BE6F1-B35C-43F6-A4A6-2135898E5506}.AppStore|x86.Deploy.0 = Release|Any CPU
		{9D2BE6F1-B35C-43F6-A4A6-2135898E5506}.Debug|Any CPU.ActiveCfg = Debug|Any CPU
		{9D2BE6F1-B35C-43F6-A4A6-2135898E5506}.Debug|Any CPU.Build.0 = Debug|Any CPU
		{9D2BE6F1-B35C-43F6-A4A6-2135898E5506}.Debug|Any CPU.Deploy.0 = Debug|Any CPU
		{9D2BE6F1-B35C-43F6-A4A6-2135898E5506}.Debug|ARM.ActiveCfg = Debug|Any CPU
		{9D2BE6F1-B35C-43F6-A4A6-2135898E5506}.Debug|ARM.Build.0 = Debug|Any CPU
		{9D2BE6F1-B35C-43F6-A4A6-2135898E5506}.Debug|ARM.Deploy.0 = Debug|Any CPU
		{9D2BE6F1-B35C-43F6-A4A6-2135898E5506}.Debug|iPhone.ActiveCfg = Debug|Any CPU
		{9D2BE6F1-B35C-43F6-A4A6-2135898E5506}.Debug|iPhone.Build.0 = Debug|Any CPU
		{9D2BE6F1-B35C-43F6-A4A6-2135898E5506}.Debug|iPhone.Deploy.0 = Debug|Any CPU
		{9D2BE6F1-B35C-43F6-A4A6-2135898E5506}.Debug|iPhoneSimulator.ActiveCfg = Debug|Any CPU
		{9D2BE6F1-B35C-43F6-A4A6-2135898E5506}.Debug|iPhoneSimulator.Build.0 = Debug|Any CPU
		{9D2BE6F1-B35C-43F6-A4A6-2135898E5506}.Debug|iPhoneSimulator.Deploy.0 = Debug|Any CPU
		{9D2BE6F1-B35C-43F6-A4A6-2135898E5506}.Debug|x86.ActiveCfg = Debug|Any CPU
		{9D2BE6F1-B35C-43F6-A4A6-2135898E5506}.Debug|x86.Build.0 = Debug|Any CPU
		{9D2BE6F1-B35C-43F6-A4A6-2135898E5506}.Debug|x86.Deploy.0 = Debug|Any CPU
		{9D2BE6F1-B35C-43F6-A4A6-2135898E5506}.Release|Any CPU.ActiveCfg = Release|Any CPU
		{9D2BE6F1-B35C-43F6-A4A6-2135898E5506}.Release|Any CPU.Build.0 = Release|Any CPU
		{9D2BE6F1-B35C-43F6-A4A6-2135898E5506}.Release|Any CPU.Deploy.0 = Release|Any CPU
		{9D2BE6F1-B35C-43F6-A4A6-2135898E5506}.Release|ARM.ActiveCfg = Release|Any CPU
		{9D2BE6F1-B35C-43F6-A4A6-2135898E5506}.Release|ARM.Build.0 = Release|Any CPU
		{9D2BE6F1-B35C-43F6-A4A6-2135898E5506}.Release|ARM.Deploy.0 = Release|Any CPU
		{9D2BE6F1-B35C-43F6-A4A6-2135898E5506}.Release|iPhone.ActiveCfg = Release|Any CPU
		{9D2BE6F1-B35C-43F6-A4A6-2135898E5506}.Release|iPhone.Build.0 = Release|Any CPU
		{9D2BE6F1-B35C-43F6-A4A6-2135898E5506}.Release|iPhone.Deploy.0 = Release|Any CPU
		{9D2BE6F1-B35C-43F6-A4A6-2135898E5506}.Release|iPhoneSimulator.ActiveCfg = Release|Any CPU
		{9D2BE6F1-B35C-43F6-A4A6-2135898E5506}.Release|iPhoneSimulator.Build.0 = Release|Any CPU
		{9D2BE6F1-B35C-43F6-A4A6-2135898E5506}.Release|iPhoneSimulator.Deploy.0 = Release|Any CPU
		{9D2BE6F1-B35C-43F6-A4A6-2135898E5506}.Release|x86.ActiveCfg = Release|Any CPU
		{9D2BE6F1-B35C-43F6-A4A6-2135898E5506}.Release|x86.Build.0 = Release|Any CPU
		{9D2BE6F1-B35C-43F6-A4A6-2135898E5506}.Release|x86.Deploy.0 = Release|Any CPU
		{76A82949-6FBE-42E4-9767-21FA554B7187}.Ad-Hoc|Any CPU.ActiveCfg = Ad-Hoc|iPhone
		{76A82949-6FBE-42E4-9767-21FA554B7187}.Ad-Hoc|ARM.ActiveCfg = Ad-Hoc|iPhone
		{76A82949-6FBE-42E4-9767-21FA554B7187}.Ad-Hoc|iPhone.ActiveCfg = Ad-Hoc|iPhone
		{76A82949-6FBE-42E4-9767-21FA554B7187}.Ad-Hoc|iPhone.Build.0 = Ad-Hoc|iPhone
		{76A82949-6FBE-42E4-9767-21FA554B7187}.Ad-Hoc|iPhoneSimulator.ActiveCfg = Ad-Hoc|iPhoneSimulator
		{76A82949-6FBE-42E4-9767-21FA554B7187}.Ad-Hoc|iPhoneSimulator.Build.0 = Ad-Hoc|iPhoneSimulator
		{76A82949-6FBE-42E4-9767-21FA554B7187}.Ad-Hoc|x86.ActiveCfg = Ad-Hoc|iPhone
		{76A82949-6FBE-42E4-9767-21FA554B7187}.AppStore|Any CPU.ActiveCfg = AppStore|iPhone
		{76A82949-6FBE-42E4-9767-21FA554B7187}.AppStore|ARM.ActiveCfg = AppStore|iPhone
		{76A82949-6FBE-42E4-9767-21FA554B7187}.AppStore|iPhone.ActiveCfg = AppStore|iPhone
		{76A82949-6FBE-42E4-9767-21FA554B7187}.AppStore|iPhone.Build.0 = AppStore|iPhone
		{76A82949-6FBE-42E4-9767-21FA554B7187}.AppStore|iPhoneSimulator.ActiveCfg = AppStore|iPhoneSimulator
		{76A82949-6FBE-42E4-9767-21FA554B7187}.AppStore|iPhoneSimulator.Build.0 = AppStore|iPhoneSimulator
		{76A82949-6FBE-42E4-9767-21FA554B7187}.AppStore|x86.ActiveCfg = AppStore|iPhone
		{76A82949-6FBE-42E4-9767-21FA554B7187}.Debug|Any CPU.ActiveCfg = Debug|iPhone
		{76A82949-6FBE-42E4-9767-21FA554B7187}.Debug|ARM.ActiveCfg = Debug|iPhone
		{76A82949-6FBE-42E4-9767-21FA554B7187}.Debug|iPhone.ActiveCfg = Debug|iPhone
		{76A82949-6FBE-42E4-9767-21FA554B7187}.Debug|iPhone.Build.0 = Debug|iPhone
		{76A82949-6FBE-42E4-9767-21FA554B7187}.Debug|iPhoneSimulator.ActiveCfg = Debug|iPhoneSimulator
		{76A82949-6FBE-42E4-9767-21FA554B7187}.Debug|iPhoneSimulator.Build.0 = Debug|iPhoneSimulator
		{76A82949-6FBE-42E4-9767-21FA554B7187}.Debug|x86.ActiveCfg = Debug|iPhone
		{76A82949-6FBE-42E4-9767-21FA554B7187}.Release|Any CPU.ActiveCfg = Release|iPhone
		{76A82949-6FBE-42E4-9767-21FA554B7187}.Release|ARM.ActiveCfg = Release|iPhone
		{76A82949-6FBE-42E4-9767-21FA554B7187}.Release|iPhone.ActiveCfg = Release|iPhone
		{76A82949-6FBE-42E4-9767-21FA554B7187}.Release|iPhone.Build.0 = Release|iPhone
		{76A82949-6FBE-42E4-9767-21FA554B7187}.Release|iPhoneSimulator.ActiveCfg = Release|iPhoneSimulator
		{76A82949-6FBE-42E4-9767-21FA554B7187}.Release|iPhoneSimulator.Build.0 = Release|iPhoneSimulator
		{76A82949-6FBE-42E4-9767-21FA554B7187}.Release|x86.ActiveCfg = Release|iPhone
		{26FFC4BF-8A30-4691-A4D1-93187C29FE0D}.Ad-Hoc|Any CPU.ActiveCfg = Release|Any CPU
		{26FFC4BF-8A30-4691-A4D1-93187C29FE0D}.Ad-Hoc|Any CPU.Build.0 = Release|Any CPU
		{26FFC4BF-8A30-4691-A4D1-93187C29FE0D}.Ad-Hoc|Any CPU.Deploy.0 = Release|Any CPU
		{26FFC4BF-8A30-4691-A4D1-93187C29FE0D}.Ad-Hoc|ARM.ActiveCfg = Release|ARM
		{26FFC4BF-8A30-4691-A4D1-93187C29FE0D}.Ad-Hoc|ARM.Build.0 = Release|ARM
		{26FFC4BF-8A30-4691-A4D1-93187C29FE0D}.Ad-Hoc|ARM.Deploy.0 = Release|ARM
		{26FFC4BF-8A30-4691-A4D1-93187C29FE0D}.Ad-Hoc|iPhone.ActiveCfg = Release|Any CPU
		{26FFC4BF-8A30-4691-A4D1-93187C29FE0D}.Ad-Hoc|iPhone.Build.0 = Release|Any CPU
		{26FFC4BF-8A30-4691-A4D1-93187C29FE0D}.Ad-Hoc|iPhone.Deploy.0 = Release|Any CPU
		{26FFC4BF-8A30-4691-A4D1-93187C29FE0D}.Ad-Hoc|iPhoneSimulator.ActiveCfg = Release|Any CPU
		{26FFC4BF-8A30-4691-A4D1-93187C29FE0D}.Ad-Hoc|iPhoneSimulator.Build.0 = Release|Any CPU
		{26FFC4BF-8A30-4691-A4D1-93187C29FE0D}.Ad-Hoc|iPhoneSimulator.Deploy.0 = Release|Any CPU
		{26FFC4BF-8A30-4691-A4D1-93187C29FE0D}.Ad-Hoc|x86.ActiveCfg = Release|x86
		{26FFC4BF-8A30-4691-A4D1-93187C29FE0D}.Ad-Hoc|x86.Build.0 = Release|x86
		{26FFC4BF-8A30-4691-A4D1-93187C29FE0D}.Ad-Hoc|x86.Deploy.0 = Release|x86
		{26FFC4BF-8A30-4691-A4D1-93187C29FE0D}.AppStore|Any CPU.ActiveCfg = Release|Any CPU
		{26FFC4BF-8A30-4691-A4D1-93187C29FE0D}.AppStore|Any CPU.Build.0 = Release|Any CPU
		{26FFC4BF-8A30-4691-A4D1-93187C29FE0D}.AppStore|Any CPU.Deploy.0 = Release|Any CPU
		{26FFC4BF-8A30-4691-A4D1-93187C29FE0D}.AppStore|ARM.ActiveCfg = Release|ARM
		{26FFC4BF-8A30-4691-A4D1-93187C29FE0D}.AppStore|ARM.Build.0 = Release|ARM
		{26FFC4BF-8A30-4691-A4D1-93187C29FE0D}.AppStore|ARM.Deploy.0 = Release|ARM
		{26FFC4BF-8A30-4691-A4D1-93187C29FE0D}.AppStore|iPhone.ActiveCfg = Release|Any CPU
		{26FFC4BF-8A30-4691-A4D1-93187C29FE0D}.AppStore|iPhone.Build.0 = Release|Any CPU
		{26FFC4BF-8A30-4691-A4D1-93187C29FE0D}.AppStore|iPhone.Deploy.0 = Release|Any CPU
		{26FFC4BF-8A30-4691-A4D1-93187C29FE0D}.AppStore|iPhoneSimulator.ActiveCfg = Release|Any CPU
		{26FFC4BF-8A30-4691-A4D1-93187C29FE0D}.AppStore|iPhoneSimulator.Build.0 = Release|Any CPU
		{26FFC4BF-8A30-4691-A4D1-93187C29FE0D}.AppStore|iPhoneSimulator.Deploy.0 = Release|Any CPU
		{26FFC4BF-8A30-4691-A4D1-93187C29FE0D}.AppStore|x86.ActiveCfg = Release|x86
		{26FFC4BF-8A30-4691-A4D1-93187C29FE0D}.AppStore|x86.Build.0 = Release|x86
		{26FFC4BF-8A30-4691-A4D1-93187C29FE0D}.AppStore|x86.Deploy.0 = Release|x86
		{26FFC4BF-8A30-4691-A4D1-93187C29FE0D}.Debug|Any CPU.ActiveCfg = Debug|Any CPU
		{26FFC4BF-8A30-4691-A4D1-93187C29FE0D}.Debug|Any CPU.Build.0 = Debug|Any CPU
		{26FFC4BF-8A30-4691-A4D1-93187C29FE0D}.Debug|Any CPU.Deploy.0 = Debug|Any CPU
		{26FFC4BF-8A30-4691-A4D1-93187C29FE0D}.Debug|ARM.ActiveCfg = Debug|ARM
		{26FFC4BF-8A30-4691-A4D1-93187C29FE0D}.Debug|ARM.Build.0 = Debug|ARM
		{26FFC4BF-8A30-4691-A4D1-93187C29FE0D}.Debug|ARM.Deploy.0 = Debug|ARM
		{26FFC4BF-8A30-4691-A4D1-93187C29FE0D}.Debug|iPhone.ActiveCfg = Debug|Any CPU
		{26FFC4BF-8A30-4691-A4D1-93187C29FE0D}.Debug|iPhone.Build.0 = Debug|Any CPU
		{26FFC4BF-8A30-4691-A4D1-93187C29FE0D}.Debug|iPhone.Deploy.0 = Debug|Any CPU
		{26FFC4BF-8A30-4691-A4D1-93187C29FE0D}.Debug|iPhoneSimulator.ActiveCfg = Debug|Any CPU
		{26FFC4BF-8A30-4691-A4D1-93187C29FE0D}.Debug|iPhoneSimulator.Build.0 = Debug|Any CPU
		{26FFC4BF-8A30-4691-A4D1-93187C29FE0D}.Debug|iPhoneSimulator.Deploy.0 = Debug|Any CPU
		{26FFC4BF-8A30-4691-A4D1-93187C29FE0D}.Debug|x86.ActiveCfg = Debug|x86
		{26FFC4BF-8A30-4691-A4D1-93187C29FE0D}.Debug|x86.Build.0 = Debug|x86
		{26FFC4BF-8A30-4691-A4D1-93187C29FE0D}.Debug|x86.Deploy.0 = Debug|x86
		{26FFC4BF-8A30-4691-A4D1-93187C29FE0D}.Release|Any CPU.ActiveCfg = Release|Any CPU
		{26FFC4BF-8A30-4691-A4D1-93187C29FE0D}.Release|Any CPU.Build.0 = Release|Any CPU
		{26FFC4BF-8A30-4691-A4D1-93187C29FE0D}.Release|Any CPU.Deploy.0 = Release|Any CPU
		{26FFC4BF-8A30-4691-A4D1-93187C29FE0D}.Release|ARM.ActiveCfg = Release|ARM
		{26FFC4BF-8A30-4691-A4D1-93187C29FE0D}.Release|ARM.Build.0 = Release|ARM
		{26FFC4BF-8A30-4691-A4D1-93187C29FE0D}.Release|ARM.Deploy.0 = Release|ARM
		{26FFC4BF-8A30-4691-A4D1-93187C29FE0D}.Release|iPhone.ActiveCfg = Release|Any CPU
		{26FFC4BF-8A30-4691-A4D1-93187C29FE0D}.Release|iPhone.Build.0 = Release|Any CPU
		{26FFC4BF-8A30-4691-A4D1-93187C29FE0D}.Release|iPhone.Deploy.0 = Release|Any CPU
		{26FFC4BF-8A30-4691-A4D1-93187C29FE0D}.Release|iPhoneSimulator.ActiveCfg = Release|Any CPU
		{26FFC4BF-8A30-4691-A4D1-93187C29FE0D}.Release|iPhoneSimulator.Build.0 = Release|Any CPU
		{26FFC4BF-8A30-4691-A4D1-93187C29FE0D}.Release|iPhoneSimulator.Deploy.0 = Release|Any CPU
		{26FFC4BF-8A30-4691-A4D1-93187C29FE0D}.Release|x86.ActiveCfg = Release|x86
		{26FFC4BF-8A30-4691-A4D1-93187C29FE0D}.Release|x86.Build.0 = Release|x86
		{26FFC4BF-8A30-4691-A4D1-93187C29FE0D}.Release|x86.Deploy.0 = Release|x86
		{E287C94A-82AF-4432-9EA2-E001C65AC6E7}.Ad-Hoc|Any CPU.ActiveCfg = Release|Any CPU
		{E287C94A-82AF-4432-9EA2-E001C65AC6E7}.Ad-Hoc|Any CPU.Build.0 = Release|Any CPU
		{E287C94A-82AF-4432-9EA2-E001C65AC6E7}.Ad-Hoc|ARM.ActiveCfg = Release|Any CPU
		{E287C94A-82AF-4432-9EA2-E001C65AC6E7}.Ad-Hoc|ARM.Build.0 = Release|Any CPU
		{E287C94A-82AF-4432-9EA2-E001C65AC6E7}.Ad-Hoc|iPhone.ActiveCfg = Release|Any CPU
		{E287C94A-82AF-4432-9EA2-E001C65AC6E7}.Ad-Hoc|iPhone.Build.0 = Release|Any CPU
		{E287C94A-82AF-4432-9EA2-E001C65AC6E7}.Ad-Hoc|iPhoneSimulator.ActiveCfg = Release|Any CPU
		{E287C94A-82AF-4432-9EA2-E001C65AC6E7}.Ad-Hoc|iPhoneSimulator.Build.0 = Release|Any CPU
		{E287C94A-82AF-4432-9EA2-E001C65AC6E7}.Ad-Hoc|x86.ActiveCfg = Release|Any CPU
		{E287C94A-82AF-4432-9EA2-E001C65AC6E7}.Ad-Hoc|x86.Build.0 = Release|Any CPU
		{E287C94A-82AF-4432-9EA2-E001C65AC6E7}.AppStore|Any CPU.ActiveCfg = Release|Any CPU
		{E287C94A-82AF-4432-9EA2-E001C65AC6E7}.AppStore|Any CPU.Build.0 = Release|Any CPU
		{E287C94A-82AF-4432-9EA2-E001C65AC6E7}.AppStore|ARM.ActiveCfg = Release|Any CPU
		{E287C94A-82AF-4432-9EA2-E001C65AC6E7}.AppStore|ARM.Build.0 = Release|Any CPU
		{E287C94A-82AF-4432-9EA2-E001C65AC6E7}.AppStore|iPhone.ActiveCfg = Release|Any CPU
		{E287C94A-82AF-4432-9EA2-E001C65AC6E7}.AppStore|iPhone.Build.0 = Release|Any CPU
		{E287C94A-82AF-4432-9EA2-E001C65AC6E7}.AppStore|iPhoneSimulator.ActiveCfg = Release|Any CPU
		{E287C94A-82AF-4432-9EA2-E001C65AC6E7}.AppStore|iPhoneSimulator.Build.0 = Release|Any CPU
		{E287C94A-82AF-4432-9EA2-E001C65AC6E7}.AppStore|x86.ActiveCfg = Release|Any CPU
		{E287C94A-82AF-4432-9EA2-E001C65AC6E7}.AppStore|x86.Build.0 = Release|Any CPU
		{E287C94A-82AF-4432-9EA2-E001C65AC6E7}.Debug|Any CPU.ActiveCfg = Debug|Any CPU
		{E287C94A-82AF-4432-9EA2-E001C65AC6E7}.Debug|Any CPU.Build.0 = Debug|Any CPU
		{E287C94A-82AF-4432-9EA2-E001C65AC6E7}.Debug|ARM.ActiveCfg = Debug|Any CPU
		{E287C94A-82AF-4432-9EA2-E001C65AC6E7}.Debug|ARM.Build.0 = Debug|Any CPU
		{E287C94A-82AF-4432-9EA2-E001C65AC6E7}.Debug|iPhone.ActiveCfg = Debug|Any CPU
		{E287C94A-82AF-4432-9EA2-E001C65AC6E7}.Debug|iPhone.Build.0 = Debug|Any CPU
		{E287C94A-82AF-4432-9EA2-E001C65AC6E7}.Debug|iPhoneSimulator.ActiveCfg = Debug|Any CPU
		{E287C94A-82AF-4432-9EA2-E001C65AC6E7}.Debug|iPhoneSimulator.Build.0 = Debug|Any CPU
		{E287C94A-82AF-4432-9EA2-E001C65AC6E7}.Debug|x86.ActiveCfg = Debug|Any CPU
		{E287C94A-82AF-4432-9EA2-E001C65AC6E7}.Debug|x86.Build.0 = Debug|Any CPU
		{E287C94A-82AF-4432-9EA2-E001C65AC6E7}.Release|Any CPU.ActiveCfg = Release|Any CPU
		{E287C94A-82AF-4432-9EA2-E001C65AC6E7}.Release|Any CPU.Build.0 = Release|Any CPU
		{E287C94A-82AF-4432-9EA2-E001C65AC6E7}.Release|ARM.ActiveCfg = Release|Any CPU
		{E287C94A-82AF-4432-9EA2-E001C65AC6E7}.Release|ARM.Build.0 = Release|Any CPU
		{E287C94A-82AF-4432-9EA2-E001C65AC6E7}.Release|iPhone.ActiveCfg = Release|Any CPU
		{E287C94A-82AF-4432-9EA2-E001C65AC6E7}.Release|iPhone.Build.0 = Release|Any CPU
		{E287C94A-82AF-4432-9EA2-E001C65AC6E7}.Release|iPhoneSimulator.ActiveCfg = Release|Any CPU
		{E287C94A-82AF-4432-9EA2-E001C65AC6E7}.Release|iPhoneSimulator.Build.0 = Release|Any CPU
		{E287C94A-82AF-4432-9EA2-E001C65AC6E7}.Release|x86.ActiveCfg = Release|Any CPU
		{E287C94A-82AF-4432-9EA2-E001C65AC6E7}.Release|x86.Build.0 = Release|Any CPU
	EndGlobalSection
	GlobalSection(SolutionProperties) = preSolution
		HideSolutionNode = FALSE
	EndGlobalSection
EndGlobal
